
Microsoft Visual Studio Solution File, Format Version 12.00
# Visual Studio Version 17
VisualStudioVersion = 17.12.35527.113
MinimumVisualStudioVersion = 10.0.40219.1
Project("{FAE04EC0-301F-11D3-BF4B-00C04F79EFBC}") = "ToFu_Photo_Exhibition.Server", "ToFu_Photo_Exhibition\Server\ToFu_Photo_Exhibition.Server.csproj", "{5E8BECCC-A059-46B2-8708-ED064ACE514D}"
EndProject
Project("{FAE04EC0-301F-11D3-BF4B-00C04F79EFBC}") = "ToFu_Photo_Exhibition.Client", "ToFu_Photo_Exhibition\Client\ToFu_Photo_Exhibition.Client.csproj", "{9FAFC9E4-A645-422C-8934-01923AB0CF47}"
EndProject
Project("{FAE04EC0-301F-11D3-BF4B-00C04F79EFBC}") = "ToFu_Photo_Exhibition.Shared", "ToFu_Photo_Exhibition\Shared\ToFu_Photo_Exhibition.Shared.csproj", "{5BE06395-CF5D-44B4-8703-04931A86D03C}"
EndProject
Global
	GlobalSection(SolutionConfigurationPlatforms) = preSolution
		Debug|Any CPU = Debug|Any CPU
		Release|Any CPU = Release|Any CPU
	EndGlobalSection
	GlobalSection(ProjectConfigurationPlatforms) = postSolution
		{5E8BECCC-A059-46B2-8708-ED064ACE514D}.Debug|Any CPU.ActiveCfg = Debug|Any CPU
		{5E8BECCC-A059-46B2-8708-ED064ACE514D}.Debug|Any CPU.Build.0 = Debug|Any CPU
		{5E8BECCC-A059-46B2-8708-ED064ACE514D}.Release|Any CPU.ActiveCfg = Release|Any CPU
		{5E8BECCC-A059-46B2-8708-ED064ACE514D}.Release|Any CPU.Build.0 = Release|Any CPU
		{9FAFC9E4-A645-422C-8934-01923AB0CF47}.Debug|Any CPU.ActiveCfg = Debug|Any CPU
		{9FAFC9E4-A645-422C-8934-01923AB0CF47}.Debug|Any CPU.Build.0 = Debug|Any CPU
		{9FAFC9E4-A645-422C-8934-01923AB0CF47}.Release|Any CPU.ActiveCfg = Release|Any CPU
		{9FAFC9E4-A645-422C-8934-01923AB0CF47}.Release|Any CPU.Build.0 = Release|Any CPU
		{5BE06395-CF5D-44B4-8703-04931A86D03C}.Debug|Any CPU.ActiveCfg = Debug|Any CPU
		{5BE06395-CF5D-44B4-8703-04931A86D03C}.Debug|Any CPU.Build.0 = Debug|Any CPU
		{5BE06395-CF5D-44B4-8703-04931A86D03C}.Release|Any CPU.ActiveCfg = Release|Any CPU
		{5BE06395-CF5D-44B4-8703-04931A86D03C}.Release|Any CPU.Build.0 = Release|Any CPU
	EndGlobalSection
	GlobalSection(SolutionProperties) = preSolution
		HideSolutionNode = FALSE
	EndGlobalSection
EndGlobal
